
Microsoft Visual Studio Solution File, Format Version 12.00
# Visual Studio 15
VisualStudioVersion = 15.0.28307.902
MinimumVisualStudioVersion = 10.0.40219.1
Project("{8BC9CEB8-8B4A-11D0-8D11-00A0C91BC942}") = "Q53", "2019_第三次作业_OO\2019_第三次作业_OO.vcxproj", "{3D21DE50-43F7-48BA-B58C-14FF48124941}"
EndProject
Project("{8BC9CEB8-8B4A-11D0-8D11-00A0C91BC942}") = "Q55", "Q55\Q55.vcxproj", "{1EC13C0B-793C-4EAD-AA7B-CD5A8C205543}"
EndProject
Project("{8BC9CEB8-8B4A-11D0-8D11-00A0C91BC942}") = "Q58", "Q58\Q58.vcxproj", "{C63CEBAB-8AFA-44F9-B325-893C3527A88D}"
EndProject
Project("{8BC9CEB8-8B4A-11D0-8D11-00A0C91BC942}") = "Q62", "Q62\Q62.vcxproj", "{BD29510C-2FBF-498D-9E87-6B090E64995B}"
EndProject
Project("{8BC9CEB8-8B4A-11D0-8D11-00A0C91BC942}") = "Q57", "Q57\Q57.vcxproj", "{79BDC340-3448-4FCE-9E8A-4A32F4937DC1}"
EndProject
Project("{8BC9CEB8-8B4A-11D0-8D11-00A0C91BC942}") = "Q59", "Q59\Q59.vcxproj", "{9FAFD781-AEBF-448F-8E96-4D1634615A46}"
EndProject
Project("{8BC9CEB8-8B4A-11D0-8D11-00A0C91BC942}") = "Q61", "Q61\Q61.vcxproj", "{F19F0B1D-43F0-4BFD-8659-53D103F4F21C}"
EndProject
Project("{8BC9CEB8-8B4A-11D0-8D11-00A0C91BC942}") = "Q60", "Q60\Q60.vcxproj", "{E1F95B1F-7CB7-4BD6-B6BA-0C9460F8D705}"
EndProject
Project("{8BC9CEB8-8B4A-11D0-8D11-00A0C91BC942}") = "Q54", "Q54\Q54.vcxproj", "{39EE3B87-FA7F-452B-BE5C-F7164BD71DA9}"
EndProject
Project("{8BC9CEB8-8B4A-11D0-8D11-00A0C91BC942}") = "test", "test\test.vcxproj", "{F6F1E581-1C9F-45CF-859F-D81BC9A95E66}"
EndProject
Global
	GlobalSection(SolutionConfigurationPlatforms) = preSolution
		Debug|x64 = Debug|x64
		Debug|x86 = Debug|x86
		Release|x64 = Release|x64
		Release|x86 = Release|x86
	EndGlobalSection
	GlobalSection(ProjectConfigurationPlatforms) = postSolution
		{3D21DE50-43F7-48BA-B58C-14FF48124941}.Debug|x64.ActiveCfg = Debug|x64
		{3D21DE50-43F7-48BA-B58C-14FF48124941}.Debug|x64.Build.0 = Debug|x64
		{3D21DE50-43F7-48BA-B58C-14FF48124941}.Debug|x86.ActiveCfg = Debug|Win32
		{3D21DE50-43F7-48BA-B58C-14FF48124941}.Debug|x86.Build.0 = Debug|Win32
		{3D21DE50-43F7-48BA-B58C-14FF48124941}.Release|x64.ActiveCfg = Release|x64
		{3D21DE50-43F7-48BA-B58C-14FF48124941}.Release|x64.Build.0 = Release|x64
		{3D21DE50-43F7-48BA-B58C-14FF48124941}.Release|x86.ActiveCfg = Release|Win32
		{3D21DE50-43F7-48BA-B58C-14FF48124941}.Release|x86.Build.0 = Release|Win32
		{1EC13C0B-793C-4EAD-AA7B-CD5A8C205543}.Debug|x64.ActiveCfg = Debug|x64
		{1EC13C0B-793C-4EAD-AA7B-CD5A8C205543}.Debug|x64.Build.0 = Debug|x64
		{1EC13C0B-793C-4EAD-AA7B-CD5A8C205543}.Debug|x86.ActiveCfg = Debug|Win32
		{1EC13C0B-793C-4EAD-AA7B-CD5A8C205543}.Debug|x86.Build.0 = Debug|Win32
		{1EC13C0B-793C-4EAD-AA7B-CD5A8C205543}.Release|x64.ActiveCfg = Release|x64
		{1EC13C0B-793C-4EAD-AA7B-CD5A8C205543}.Release|x64.Build.0 = Release|x64
		{1EC13C0B-793C-4EAD-AA7B-CD5A8C205543}.Release|x86.ActiveCfg = Release|Win32
		{1EC13C0B-793C-4EAD-AA7B-CD5A8C205543}.Release|x86.Build.0 = Release|Win32
		{C63CEBAB-8AFA-44F9-B325-893C3527A88D}.Debug|x64.ActiveCfg = Debug|x64
		{C63CEBAB-8AFA-44F9-B325-893C3527A88D}.Debug|x64.Build.0 = Debug|x64
		{C63CEBAB-8AFA-44F9-B325-893C3527A88D}.Debug|x86.ActiveCfg = Debug|Win32
		{C63CEBAB-8AFA-44F9-B325-893C3527A88D}.Debug|x86.Build.0 = Debug|Win32
		{C63CEBAB-8AFA-44F9-B325-893C3527A88D}.Release|x64.ActiveCfg = Release|x64
		{C63CEBAB-8AFA-44F9-B325-893C3527A88D}.Release|x64.Build.0 = Release|x64
		{C63CEBAB-8AFA-44F9-B325-893C3527A88D}.Release|x86.ActiveCfg = Release|Win32
		{C63CEBAB-8AFA-44F9-B325-893C3527A88D}.Release|x86.Build.0 = Release|Win32
		{BD29510C-2FBF-498D-9E87-6B090E64995B}.Debug|x64.ActiveCfg = Debug|x64
		{BD29510C-2FBF-498D-9E87-6B090E64995B}.Debug|x64.Build.0 = Debug|x64
		{BD29510C-2FBF-498D-9E87-6B090E64995B}.Debug|x86.ActiveCfg = Debug|Win32
		{BD29510C-2FBF-498D-9E87-6B090E64995B}.Debug|x86.Build.0 = Debug|Win32
		{BD29510C-2FBF-498D-9E87-6B090E64995B}.Release|x64.ActiveCfg = Release|x64
		{BD29510C-2FBF-498D-9E87-6B090E64995B}.Release|x64.Build.0 = Release|x64
		{BD29510C-2FBF-498D-9E87-6B090E64995B}.Release|x86.ActiveCfg = Release|Win32
		{BD29510C-2FBF-498D-9E87-6B090E64995B}.Release|x86.Build.0 = Release|Win32
		{79BDC340-3448-4FCE-9E8A-4A32F4937DC1}.Debug|x64.ActiveCfg = Debug|x64
		{79BDC340-3448-4FCE-9E8A-4A32F4937DC1}.Debug|x64.Build.0 = Debug|x64
		{79BDC340-3448-4FCE-9E8A-4A32F4937DC1}.Debug|x86.ActiveCfg = Debug|Win32
		{79BDC340-3448-4FCE-9E8A-4A32F4937DC1}.Debug|x86.Build.0 = Debug|Win32
		{79BDC340-3448-4FCE-9E8A-4A32F4937DC1}.Release|x64.ActiveCfg = Release|x64
		{79BDC340-3448-4FCE-9E8A-4A32F4937DC1}.Release|x64.Build.0 = Release|x64
		{79BDC340-3448-4FCE-9E8A-4A32F4937DC1}.Release|x86.ActiveCfg = Release|Win32
		{79BDC340-3448-4FCE-9E8A-4A32F4937DC1}.Release|x86.Build.0 = Release|Win32
		{9FAFD781-AEBF-448F-8E96-4D1634615A46}.Debug|x64.ActiveCfg = Debug|x64
		{9FAFD781-AEBF-448F-8E96-4D1634615A46}.Debug|x64.Build.0 = Debug|x64
		{9FAFD781-AEBF-448F-8E96-4D1634615A46}.Debug|x86.ActiveCfg = Debug|Win32
		{9FAFD781-AEBF-448F-8E96-4D1634615A46}.Debug|x86.Build.0 = Debug|Win32
		{9FAFD781-AEBF-448F-8E96-4D1634615A46}.Release|x64.ActiveCfg = Release|x64
		{9FAFD781-AEBF-448F-8E96-4D1634615A46}.Release|x64.Build.0 = Release|x64
		{9FAFD781-AEBF-448F-8E96-4D1634615A46}.Release|x86.ActiveCfg = Release|Win32
		{9FAFD781-AEBF-448F-8E96-4D1634615A46}.Release|x86.Build.0 = Release|Win32
		{F19F0B1D-43F0-4BFD-8659-53D103F4F21C}.Debug|x64.ActiveCfg = Debug|x64
		{F19F0B1D-43F0-4BFD-8659-53D103F4F21C}.Debug|x64.Build.0 = Debug|x64
		{F19F0B1D-43F0-4BFD-8659-53D103F4F21C}.Debug|x86.ActiveCfg = Debug|Win32
		{F19F0B1D-43F0-4BFD-8659-53D103F4F21C}.Debug|x86.Build.0 = Debug|Win32
		{F19F0B1D-43F0-4BFD-8659-53D103F4F21C}.Release|x64.ActiveCfg = Release|x64
		{F19F0B1D-43F0-4BFD-8659-53D103F4F21C}.Release|x64.Build.0 = Release|x64
		{F19F0B1D-43F0-4BFD-8659-53D103F4F21C}.Release|x86.ActiveCfg = Release|Win32
		{F19F0B1D-43F0-4BFD-8659-53D103F4F21C}.Release|x86.Build.0 = Release|Win32
		{E1F95B1F-7CB7-4BD6-B6BA-0C9460F8D705}.Debug|x64.ActiveCfg = Debug|x64
		{E1F95B1F-7CB7-4BD6-B6BA-0C9460F8D705}.Debug|x64.Build.0 = Debug|x64
		{E1F95B1F-7CB7-4BD6-B6BA-0C9460F8D705}.Debug|x86.ActiveCfg = Debug|Win32
		{E1F95B1F-7CB7-4BD6-B6BA-0C9460F8D705}.Debug|x86.Build.0 = Debug|Win32
		{E1F95B1F-7CB7-4BD6-B6BA-0C9460F8D705}.Release|x64.ActiveCfg = Release|x64
		{E1F95B1F-7CB7-4BD6-B6BA-0C9460F8D705}.Release|x64.Build.0 = Release|x64
		{E1F95B1F-7CB7-4BD6-B6BA-0C9460F8D705}.Release|x86.ActiveCfg = Release|Win32
		{E1F95B1F-7CB7-4BD6-B6BA-0C9460F8D705}.Release|x86.Build.0 = Release|Win32
		{39EE3B87-FA7F-452B-BE5C-F7164BD71DA9}.Debug|x64.ActiveCfg = Debug|x64
		{39EE3B87-FA7F-452B-BE5C-F7164BD71DA9}.Debug|x64.Build.0 = Debug|x64
		{39EE3B87-FA7F-452B-BE5C-F7164BD71DA9}.Debug|x86.ActiveCfg = Debug|Win32
		{39EE3B87-FA7F-452B-BE5C-F7164BD71DA9}.Debug|x86.Build.0 = Debug|Win32
		{39EE3B87-FA7F-452B-BE5C-F7164BD71DA9}.Release|x64.ActiveCfg = Release|x64
		{39EE3B87-FA7F-452B-BE5C-F7164BD71DA9}.Release|x64.Build.0 = Release|x64
		{39EE3B87-FA7F-452B-BE5C-F7164BD71DA9}.Release|x86.ActiveCfg = Release|Win32
		{39EE3B87-FA7F-452B-BE5C-F7164BD71DA9}.Release|x86.Build.0 = Release|Win32
		{F6F1E581-1C9F-45CF-859F-D81BC9A95E66}.Debug|x64.ActiveCfg = Debug|x64
		{F6F1E581-1C9F-45CF-859F-D81BC9A95E66}.Debug|x64.Build.0 = Debug|x64
		{F6F1E581-1C9F-45CF-859F-D81BC9A95E66}.Debug|x86.ActiveCfg = Debug|Win32
		{F6F1E581-1C9F-45CF-859F-D81BC9A95E66}.Debug|x86.Build.0 = Debug|Win32
		{F6F1E581-1C9F-45CF-859F-D81BC9A95E66}.Release|x64.ActiveCfg = Release|x64
		{F6F1E581-1C9F-45CF-859F-D81BC9A95E66}.Release|x64.Build.0 = Release|x64
		{F6F1E581-1C9F-45CF-859F-D81BC9A95E66}.Release|x86.ActiveCfg = Release|Win32
		{F6F1E581-1C9F-45CF-859F-D81BC9A95E66}.Release|x86.Build.0 = Release|Win32
	EndGlobalSection
	GlobalSection(SolutionProperties) = preSolution
		HideSolutionNode = FALSE
	EndGlobalSection
	GlobalSection(ExtensibilityGlobals) = postSolution
		SolutionGuid = {40DF9C34-9B3F-4B8F-826A-D1236E423F23}
	EndGlobalSection
EndGlobal
